
Microsoft Visual Studio Solution File, Format Version 12.00
# Visual Studio 2013
VisualStudioVersion = 12.0.40629.0
MinimumVisualStudioVersion = 10.0.40219.1
Project("{8BC9CEB8-8B4A-11D0-8D11-00A0C91BC942}") = "opensea-operations-Lib", "opensea-operations\opensea-operations.vcxproj", "{A0771494-8717-48AB-A0E5-49191252FF2C}"
EndProject
Project("{8BC9CEB8-8B4A-11D0-8D11-00A0C91BC942}") = "opensea-operations-DLL", "opensea-operations-DLL\opensea-operations-DLL.vcxproj", "{D73F51F3-3C0C-4E82-A0C2-10823534A5D8}"
EndProject
Global
	GlobalSection(SolutionConfigurationPlatforms) = preSolution
		Debug|Win32 = Debug|Win32
		Debug|x64 = Debug|x64
		Release|Win32 = Release|Win32
		Release|x64 = Release|x64
		Static-Debug|Win32 = Static-Debug|Win32
		Static-Debug|x64 = Static-Debug|x64
		Static-Release|Win32 = Static-Release|Win32
		Static-Release|x64 = Static-Release|x64
	EndGlobalSection
	GlobalSection(ProjectConfigurationPlatforms) = postSolution
		{A0771494-8717-48AB-A0E5-49191252FF2C}.Debug|Win32.ActiveCfg = Debug|Win32
		{A0771494-8717-48AB-A0E5-49191252FF2C}.Debug|Win32.Build.0 = Debug|Win32
		{A0771494-8717-48AB-A0E5-49191252FF2C}.Debug|x64.ActiveCfg = Debug|x64
		{A0771494-8717-48AB-A0E5-49191252FF2C}.Debug|x64.Build.0 = Debug|x64
		{A0771494-8717-48AB-A0E5-49191252FF2C}.Release|Win32.ActiveCfg = Release|Win32
		{A0771494-8717-48AB-A0E5-49191252FF2C}.Release|Win32.Build.0 = Release|Win32
		{A0771494-8717-48AB-A0E5-49191252FF2C}.Release|x64.ActiveCfg = Release|x64
		{A0771494-8717-48AB-A0E5-49191252FF2C}.Release|x64.Build.0 = Release|x64
		{A0771494-8717-48AB-A0E5-49191252FF2C}.Static-Debug|Win32.ActiveCfg = Static-Debug|Win32
		{A0771494-8717-48AB-A0E5-49191252FF2C}.Static-Debug|Win32.Build.0 = Static-Debug|Win32
		{A0771494-8717-48AB-A0E5-49191252FF2C}.Static-Debug|x64.ActiveCfg = Static-Debug|x64
		{A0771494-8717-48AB-A0E5-49191252FF2C}.Static-Debug|x64.Build.0 = Static-Debug|x64
		{A0771494-8717-48AB-A0E5-49191252FF2C}.Static-Release|Win32.ActiveCfg = Static-Release|Win32
		{A0771494-8717-48AB-A0E5-49191252FF2C}.Static-Release|Win32.Build.0 = Static-Release|Win32
		{A0771494-8717-48AB-A0E5-49191252FF2C}.Static-Release|x64.ActiveCfg = Static-Release|x64
		{A0771494-8717-48AB-A0E5-49191252FF2C}.Static-Release|x64.Build.0 = Static-Release|x64
		{D73F51F3-3C0C-4E82-A0C2-10823534A5D8}.Debug|Win32.ActiveCfg = Debug|Win32
		{D73F51F3-3C0C-4E82-A0C2-10823534A5D8}.Debug|Win32.Build.0 = Debug|Win32
		{D73F51F3-3C0C-4E82-A0C2-10823534A5D8}.Debug|x64.ActiveCfg = Debug|x64
		{D73F51F3-3C0C-4E82-A0C2-10823534A5D8}.Debug|x64.Build.0 = Debug|x64
		{D73F51F3-3C0C-4E82-A0C2-10823534A5D8}.Release|Win32.ActiveCfg = Release|Win32
		{D73F51F3-3C0C-4E82-A0C2-10823534A5D8}.Release|Win32.Build.0 = Release|Win32
		{D73F51F3-3C0C-4E82-A0C2-10823534A5D8}.Release|x64.ActiveCfg = Release|x64
		{D73F51F3-3C0C-4E82-A0C2-10823534A5D8}.Release|x64.Build.0 = Release|x64
		{D73F51F3-3C0C-4E82-A0C2-10823534A5D8}.Static-Debug|Win32.ActiveCfg = Static-Debug|Win32
		{D73F51F3-3C0C-4E82-A0C2-10823534A5D8}.Static-Debug|Win32.Build.0 = Static-Debug|Win32
		{D73F51F3-3C0C-4E82-A0C2-10823534A5D8}.Static-Debug|x64.ActiveCfg = Static-Debug|x64
		{D73F51F3-3C0C-4E82-A0C2-10823534A5D8}.Static-Debug|x64.Build.0 = Static-Debug|x64
		{D73F51F3-3C0C-4E82-A0C2-10823534A5D8}.Static-Release|Win32.ActiveCfg = Static-Release|Win32
		{D73F51F3-3C0C-4E82-A0C2-10823534A5D8}.Static-Release|Win32.Build.0 = Static-Release|Win32
		{D73F51F3-3C0C-4E82-A0C2-10823534A5D8}.Static-Release|x64.ActiveCfg = Static-Release|x64
		{D73F51F3-3C0C-4E82-A0C2-10823534A5D8}.Static-Release|x64.Build.0 = Static-Release|x64
	EndGlobalSection
	GlobalSection(SolutionProperties) = preSolution
		HideSolutionNode = FALSE
	EndGlobalSection
EndGlobal
